
Microsoft Visual Studio Solution File, Format Version 12.00
# Visual Studio 2012
Project("{FAE04EC0-301F-11D3-BF4B-00C04F79EFBC}") = "AD", "AD\AD.csproj", "{2207E893-B3B3-4DE4-91E8-7EF94DE414A2}"
EndProject
Project("{FAE04EC0-301F-11D3-BF4B-00C04F79EFBC}") = "ManageUsers", "ManageUsers\ManageUsers.csproj", "{D90DEE47-A078-4C55-8F16-618FA3AC88DA}"
EndProject
Global
	GlobalSection(SolutionConfigurationPlatforms) = preSolution
		Debug|Any CPU = Debug|Any CPU
		Release|Any CPU = Release|Any CPU
	EndGlobalSection
	GlobalSection(ProjectConfigurationPlatforms) = postSolution
		{2207E893-B3B3-4DE4-91E8-7EF94DE414A2}.Debug|Any CPU.ActiveCfg = Debug|Any CPU
		{2207E893-B3B3-4DE4-91E8-7EF94DE414A2}.Debug|Any CPU.Build.0 = Debug|Any CPU
		{2207E893-B3B3-4DE4-91E8-7EF94DE414A2}.Release|Any CPU.ActiveCfg = Release|Any CPU
		{2207E893-B3B3-4DE4-91E8-7EF94DE414A2}.Release|Any CPU.Build.0 = Release|Any CPU
		{D90DEE47-A078-4C55-8F16-618FA3AC88DA}.Debug|Any CPU.ActiveCfg = Debug|Any CPU
		{D90DEE47-A078-4C55-8F16-618FA3AC88DA}.Debug|Any CPU.Build.0 = Debug|Any CPU
		{D90DEE47-A078-4C55-8F16-618FA3AC88DA}.Release|Any CPU.ActiveCfg = Release|Any CPU
		{D90DEE47-A078-4C55-8F16-618FA3AC88DA}.Release|Any CPU.Build.0 = Release|Any CPU
	EndGlobalSection
	GlobalSection(SolutionProperties) = preSolution
		HideSolutionNode = FALSE
	EndGlobalSection
EndGlobal
